// !$*UTF8*$!
{
	archiveVersion = 1;
	classes = {
	};
	objectVersion = 50;
	objects = {

/* Begin PBXBuildFile section */
		65A6F68D24D957DA005B07CE /* SceneKitTest_deleteApp.swift in Sources */ = {isa = PBXBuildFile; fileRef = 65A6F68C24D957DA005B07CE /* SceneKitTest_deleteApp.swift */; };
		65A6F68F24D957DA005B07CE /* ContentView.swift in Sources */ = {isa = PBXBuildFile; fileRef = 65A6F68E24D957DA005B07CE /* ContentView.swift */; };
		65A6F69124D957DC005B07CE /* Assets.xcassets in Resources */ = {isa = PBXBuildFile; fileRef = 65A6F69024D957DC005B07CE /* Assets.xcassets */; };
		65A6F69424D957DC005B07CE /* Preview Assets.xcassets in Resources */ = {isa = PBXBuildFile; fileRef = 65A6F69324D957DC005B07CE /* Preview Assets.xcassets */; };
		65A6F69C24D957FD005B07CE /* SceneKitObjectRepresentable.swift in Sources */ = {isa = PBXBuildFile; fileRef = 65A6F69B24D957FD005B07CE /* SceneKitObjectRepresentable.swift */; };
		65A6F69E24D98A20005B07CE /* art.scnassets in Resources */ = {isa = PBXBuildFile; fileRef = 65A6F69D24D98A20005B07CE /* art.scnassets */; };
/* End PBXBuildFile section */

/* Begin PBXFileReference section */
		65A6F68924D957DA005B07CE /* SceneKitTest_delete.app */ = {isa = PBXFileReference; explicitFileType = wrapper.application; includeInIndex = 0; path = SceneKitTest_delete.app; sourceTree = BUILT_PRODUCTS_DIR; };
		65A6F68C24D957DA005B07CE /* SceneKitTest_deleteApp.swift */ = {isa = PBXFileReference; lastKnownFileType = sourcecode.swift; path = SceneKitTest_deleteApp.swift; sourceTree = "<group>"; };
		65A6F68E24D957DA005B07CE /* ContentView.swift */ = {isa = PBXFileReference; lastKnownFileType = sourcecode.swift; path = ContentView.swift; sourceTree = "<group>"; };
		65A6F69024D957DC005B07CE /* Assets.xcassets */ = {isa = PBXFileReference; lastKnownFileType = folder.assetcatalog; path = Assets.xcassets; sourceTree = "<group>"; };
		65A6F69324D957DC005B07CE /* Preview Assets.xcassets */ = {isa = PBXFileReference; lastKnownFileType = folder.assetcatalog; path = "Preview Assets.xcassets"; sourceTree = "<group>"; };
		65A6F69524D957DC005B07CE /* Info.plist */ = {isa = PBXFileReference; lastKnownFileType = text.plist.xml; path = Info.plist; sourceTree = "<group>"; };
		65A6F69B24D957FD005B07CE /* SceneKitObjectRepresentable.swift */ = {isa = PBXFileReference; lastKnownFileType = sourcecode.swift; path = SceneKitObjectRepresentable.swift; sourceTree = "<group>"; };
		65A6F69D24D98A20005B07CE /* art.scnassets */ = {isa = PBXFileReference; lastKnownFileType = wrapper.scnassets; path = art.scnassets; sourceTree = "<group>"; };
/* End PBXFileReference section */

/* Begin PBXFrameworksBuildPhase section */
		65A6F68624D957DA005B07CE /* Frameworks */ = {
			isa = PBXFrameworksBuildPhase;
			buildActionMask = 2147483647;
			files = (
			);
			runOnlyForDeploymentPostprocessing = 0;
		};
/* End PBXFrameworksBuildPhase section */

/* Begin PBXGroup section */
		65A6F68024D957DA005B07CE = {
			isa = PBXGroup;
			children = (
				65A6F68B24D957DA005B07CE /* SceneKitTest_delete */,
				65A6F68A24D957DA005B07CE /* Products */,
			);
			sourceTree = "<group>";
		};
		65A6F68A24D957DA005B07CE /* Products */ = {
			isa = PBXGroup;
			children = (
				65A6F68924D957DA005B07CE /* SceneKitTest_delete.app */,
			);
			name = Products;
			sourceTree = "<group>";
		};
		65A6F68B24D957DA005B07CE /* SceneKitTest_delete */ = {
			isa = PBXGroup;
			children = (
				65A6F68C24D957DA005B07CE /* SceneKitTest_deleteApp.swift */,
				65A6F68E24D957DA005B07CE /* ContentView.swift */,
				65A6F69B24D957FD005B07CE /* SceneKitObjectRepresentable.swift */,
				65A6F69D24D98A20005B07CE /* art.scnassets */,
				65A6F69024D957DC005B07CE /* Assets.xcassets */,
				65A6F69524D957DC005B07CE /* Info.plist */,
				65A6F69224D957DC005B07CE /* Preview Content */,
			);
			path = SceneKitTest_delete;
			sourceTree = "<group>";
		};
		65A6F69224D957DC005B07CE /* Preview Content */ = {
			isa = PBXGroup;
			children = (
				65A6F69324D957DC005B07CE /* Preview Assets.xcassets */,
			);
			path = "Preview Content";
			sourceTree = "<group>";
		};
/* End PBXGroup section */

/* Begin PBXNativeTarget section */
		65A6F68824D957DA005B07CE /* SceneKitTest_delete */ = {
			isa = PBXNativeTarget;
			buildConfigurationList = 65A6F69824D957DC005B07CE /* Build configuration list for PBXNativeTarget "SceneKitTest_delete" */;
			buildPhases = (
				65A6F68524D957DA005B07CE /* Sources */,
				65A6F68624D957DA005B07CE /* Frameworks */,
				65A6F68724D957DA005B07CE /* Resources */,
			);
			buildRules = (
			);
			dependencies = (
			);
			name = SceneKitTest_delete;
			productName = SceneKitTest_delete;
			productReference = 65A6F68924D957DA005B07CE /* SceneKitTest_delete.app */;
			productType = "com.apple.product-type.application";
		};
/* End PBXNativeTarget section */

/* Begin PBXProject section */
		65A6F68124D957DA005B07CE /* Project object */ = {
			isa = PBXProject;
			attributes = {
				LastSwiftUpdateCheck = 1200;
				LastUpgradeCheck = 1200;
				TargetAttributes = {
					65A6F68824D957DA005B07CE = {
						CreatedOnToolsVersion = 12.0;
					};
				};
			};
			buildConfigurationList = 65A6F68424D957DA005B07CE /* Build configuration list for PBXProject "SceneKitTest_delete" */;
			compatibilityVersion = "Xcode 9.3";
			developmentRegion = en;
			hasScannedForEncodings = 0;
			knownRegions = (
				en,
				Base,
			);
			mainGroup = 65A6F68024D957DA005B07CE;
			productRefGroup = 65A6F68A24D957DA005B07CE /* Products */;
			projectDirPath = "";
			projectRoot = "";
			targets = (
				65A6F68824D957DA005B07CE /* SceneKitTest_delete */,
			);
		};
/* End PBXProject section */

/* Begin PBXResourcesBuildPhase section */
		65A6F68724D957DA005B07CE /* Resources */ = {
			isa = PBXResourcesBuildPhase;
			buildActionMask = 2147483647;
			files = (
				65A6F69424D957DC005B07CE /* Preview Assets.xcassets in Resources */,
				65A6F69E24D98A20005B07CE /* art.scnassets in Resources */,
				65A6F69124D957DC005B07CE /* Assets.xcassets in Resources */,
			);
			runOnlyForDeploymentPostprocessing = 0;
		};
/* End PBXResourcesBuildPhase section */

/* Begin PBXSourcesBuildPhase section */
		65A6F68524D957DA005B07CE /* Sources */ = {
			isa = PBXSourcesBuildPhase;
			buildActionMask = 2147483647;
			files = (
				65A6F68F24D957DA005B07CE /* ContentView.swift in Sources */,
				65A6F69C24D957FD005B07CE /* SceneKitObjectRepresentable.swift in Sources */,
				65A6F68D24D957DA005B07CE /* SceneKitTest_deleteApp.swift in Sources */,
			);
			runOnlyForDeploymentPostprocessing = 0;
		};
/* End PBXSourcesBuildPhase section */

/* Begin XCBuildConfiguration section */
		65A6F69624D957DC005B07CE /* Debug */ = {
			isa = XCBuildConfiguration;
			buildSettings = {
				ALWAYS_SEARCH_USER_PATHS = NO;
				CLANG_ANALYZER_NONNULL = YES;
				CLANG_ANALYZER_NUMBER_OBJECT_CONVERSION = YES_AGGRESSIVE;
				CLANG_CXX_LANGUAGE_STANDARD = "gnu++14";
				CLANG_CXX_LIBRARY = "libc++";
				CLANG_ENABLE_MODULES = YES;
				CLANG_ENABLE_OBJC_ARC = YES;
				CLANG_ENABLE_OBJC_WEAK = YES;
				CLANG_WARN_BLOCK_CAPTURE_AUTORELEASING = YES;
				CLANG_WARN_BOOL_CONVERSION = YES;
				CLANG_WARN_COMMA = YES;
				CLANG_WARN_CONSTANT_CONVERSION = YES;
				CLANG_WARN_DEPRECATED_OBJC_IMPLEMENTATIONS = YES;
				CLANG_WARN_DIRECT_OBJC_ISA_USAGE = YES_ERROR;
				CLANG_WARN_DOCUMENTATION_COMMENTS = YES;
				CLANG_WARN_EMPTY_BODY = YES;
				CLANG_WARN_ENUM_CONVERSION = YES;
				CLANG_WARN_INFINITE_RECURSION = YES;
				CLANG_WARN_INT_CONVERSION = YES;
				CLANG_WARN_NON_LITERAL_NULL_CONVERSION = YES;
				CLANG_WARN_OBJC_IMPLICIT_RETAIN_SELF = YES;
				CLANG_WARN_OBJC_LITERAL_CONVERSION = YES;
				CLANG_WARN_OBJC_ROOT_CLASS = YES_ERROR;
				CLANG_WARN_QUOTED_INCLUDE_IN_FRAMEWORK_HEADER = YES;
				CLANG_WARN_RANGE_LOOP_ANALYSIS = YES;
				CLANG_WARN_STRICT_PROTOTYPES = YES;
				CLANG_WARN_SUSPICIOUS_MOVE = YES;
				CLANG_WARN_UNGUARDED_AVAILABILITY = YES_AGGRESSIVE;
				CLANG_WARN_UNREACHABLE_CODE = YES;
				CLANG_WARN__DUPLICATE_METHOD_MATCH = YES;
				COPY_PHASE_STRIP = NO;
				DEBUG_INFORMATION_FORMAT = dwarf;
				ENABLE_STRICT_OBJC_MSGSEND = YES;
				ENABLE_TESTABILITY = YES;
				GCC_C_LANGUAGE_STANDARD = gnu11;
				GCC_DYNAMIC_NO_PIC = NO;
				GCC_NO_COMMON_BLOCKS = YES;
				GCC_OPTIMIZATION_LEVEL = 0;
				GCC_PREPROCESSOR_DEFINITIONS = (
					"DEBUG=1",
					"$(inherited)",
				);
				GCC_WARN_64_TO_32_BIT_CONVERSION = YES;
				GCC_WARN_ABOUT_RETURN_TYPE = YES_ERROR;
				GCC_WARN_UNDECLARED_SELECTOR = YES;
				GCC_WARN_UNINITIALIZED_AUTOS = YES_AGGRESSIVE;
				GCC_WARN_UNUSED_FUNCTION = YES;
				GCC_WARN_UNUSED_VARIABLE = YES;
				IPHONEOS_DEPLOYMENT_TARGET = 14.0;
				MTL_ENABLE_DEBUG_INFO = INCLUDE_SOURCE;
				MTL_FAST_MATH = YES;
				ONLY_ACTIVE_ARCH = YES;
				SDKROOT = iphoneos;
				SWIFT_ACTIVE_COMPILATION_CONDITIONS = DEBUG;
				SWIFT_OPTIMIZATION_LEVEL = "-Onone";
			};
			name = Debug;
		};
		65A6F69724D957DC005B07CE /* Release */ = {
			isa = XCBuildConfiguration;
			buildSettings = {
				ALWAYS_SEARCH_USER_PATHS = NO;
				CLANG_ANALYZER_NONNULL = YES;
				CLANG_ANALYZER_NUMBER_OBJECT_CONVERSION = YES_AGGRESSIVE;
				CLANG_CXX_LANGUAGE_STANDARD = "gnu++14";
				CLANG_CXX_LIBRARY = "libc++";
				CLANG_ENABLE_MODULES = YES;
				CLANG_ENABLE_OBJC_ARC = YES;
				CLANG_ENABLE_OBJC_WEAK = YES;
				CLANG_WARN_BLOCK_CAPTURE_AUTORELEASING = YES;
				CLANG_WARN_BOOL_CONVERSION = YES;
				CLANG_WARN_COMMA = YES;
				CLANG_WARN_CONSTANT_CONVERSION = YES;
				CLANG_WARN_DEPRECATED_OBJC_IMPLEMENTATIONS = YES;
				CLANG_WARN_DIRECT_OBJC_ISA_USAGE = YES_ERROR;
				CLANG_WARN_DOCUMENTATION_COMMENTS = YES;
				CLANG_WARN_EMPTY_BODY = YES;
				CLANG_WARN_ENUM_CONVERSION = YES;
				CLANG_WARN_INFINITE_RECURSION = YES;
				CLANG_WARN_INT_CONVERSION = YES;
				CLANG_WARN_NON_LITERAL_NULL_CONVERSION = YES;
				CLANG_WARN_OBJC_IMPLICIT_RETAIN_SELF = YES;
				CLANG_WARN_OBJC_LITERAL_CONVERSION = YES;
				CLANG_WARN_OBJC_ROOT_CLASS = YES_ERROR;
				CLANG_WARN_QUOTED_INCLUDE_IN_FRAMEWORK_HEADER = YES;
				CLANG_WARN_RANGE_LOOP_ANALYSIS = YES;
				CLANG_WARN_STRICT_PROTOTYPES = YES;
				CLANG_WARN_SUSPICIOUS_MOVE = YES;
				CLANG_WARN_UNGUARDED_AVAILABILITY = YES_AGGRESSIVE;
				CLANG_WARN_UNREACHABLE_CODE = YES;
				CLANG_WARN__DUPLICATE_METHOD_MATCH = YES;
				COPY_PHASE_STRIP = NO;
				DEBUG_INFORMATION_FORMAT = "dwarf-with-dsym";
				ENABLE_NS_ASSERTIONS = NO;
				ENABLE_STRICT_OBJC_MSGSEND = YES;
				GCC_C_LANGUAGE_STANDARD = gnu11;
				GCC_NO_COMMON_BLOCKS = YES;
				GCC_WARN_64_TO_32_BIT_CONVERSION = YES;
				GCC_WARN_ABOUT_RETURN_TYPE = YES_ERROR;
				GCC_WARN_UNDECLARED_SELECTOR = YES;
				GCC_WARN_UNINITIALIZED_AUTOS = YES_AGGRESSIVE;
				GCC_WARN_UNUSED_FUNCTION = YES;
				GCC_WARN_UNUSED_VARIABLE = YES;
				IPHONEOS_DEPLOYMENT_TARGET = 14.0;
				MTL_ENABLE_DEBUG_INFO = NO;
				MTL_FAST_MATH = YES;
				SDKROOT = iphoneos;
				SWIFT_COMPILATION_MODE = wholemodule;
				SWIFT_OPTIMIZATION_LEVEL = "-O";
				VALIDATE_PRODUCT = YES;
			};
			name = Release;
		};
		65A6F69924D957DC005B07CE /* Debug */ = {
			isa = XCBuildConfiguration;
			buildSettings = {
				ASSETCATALOG_COMPILER_APPICON_NAME = AppIcon;
				ASSETCATALOG_COMPILER_GLOBAL_ACCENT_COLOR_NAME = AccentColor;
				CODE_SIGN_STYLE = Automatic;
				DEVELOPMENT_ASSET_PATHS = "\"SceneKitTest_delete/Preview Content\"";
				DEVELOPMENT_TEAM = 7B7W3G73DG;
				ENABLE_PREVIEWS = YES;
				INFOPLIST_FILE = SceneKitTest_delete/Info.plist;
				IPHONEOS_DEPLOYMENT_TARGET = 14.0;
				LD_RUNPATH_SEARCH_PATHS = (
					"$(inherited)",
					"@executable_path/Frameworks",
				);
				PRODUCT_BUNDLE_IDENTIFIER = "com.danieldaehling.SceneKitTest-delete";
				PRODUCT_NAME = "$(TARGET_NAME)";
				SWIFT_VERSION = 5.0;
				TARGETED_DEVICE_FAMILY = "1,2";
			};
			name = Debug;
		};
		65A6F69A24D957DC005B07CE /* Release */ = {
			isa = XCBuildConfiguration;
			buildSettings = {
				ASSETCATALOG_COMPILER_APPICON_NAME = AppIcon;
				ASSETCATALOG_COMPILER_GLOBAL_ACCENT_COLOR_NAME = AccentColor;
				CODE_SIGN_STYLE = Automatic;
				DEVELOPMENT_ASSET_PATHS = "\"SceneKitTest_delete/Preview Content\"";
				DEVELOPMENT_TEAM = 7B7W3G73DG;
				ENABLE_PREVIEWS = YES;
				INFOPLIST_FILE = SceneKitTest_delete/Info.plist;
				IPHONEOS_DEPLOYMENT_TARGET = 14.0;
				LD_RUNPATH_SEARCH_PATHS = (
					"$(inherited)",
					"@executable_path/Frameworks",
				);
				PRODUCT_BUNDLE_IDENTIFIER = "com.danieldaehling.SceneKitTest-delete";
				PRODUCT_NAME = "$(TARGET_NAME)";
				SWIFT_VERSION = 5.0;
				TARGETED_DEVICE_FAMILY = "1,2";
			};
			name = Release;
		};
/* End XCBuildConfiguration section */

/* Begin XCConfigurationList section */
		65A6F68424D957DA005B07CE /* Build configuration list for PBXProject "SceneKitTest_delete" */ = {
			isa = XCConfigurationList;
			buildConfigurations = (
				65A6F69624D957DC005B07CE /* Debug */,
				65A6F69724D957DC005B07CE /* Release */,
			);
			defaultConfigurationIsVisible = 0;
			defaultConfigurationName = Release;
		};
		65A6F69824D957DC005B07CE /* Build configuration list for PBXNativeTarget "SceneKitTest_delete" */ = {
			isa = XCConfigurationList;
			buildConfigurations = (
				65A6F69924D957DC005B07CE /* Debug */,
				65A6F69A24D957DC005B07CE /* Release */,
			);
			defaultConfigurationIsVisible = 0;
			defaultConfigurationName = Release;
		};
/* End XCConfigurationList section */
	};
	rootObject = 65A6F68124D957DA005B07CE /* Project object */;
}
